
Microsoft Visual Studio Solution File, Format Version 11.00
# Visual Studio 2010
Project("{2150E333-8FDC-42A3-9474-1A3956D46DE8}") = "Solution Items", "Solution Items", "{C27AD8D7-BE62-4A13-8857-368B555D3385}"
	ProjectSection(SolutionItems) = preProject
		Local.testsettings = Local.testsettings
		NCalc.vsmdi = NCalc.vsmdi
		TraceAndTestImpact.testsettings = TraceAndTestImpact.testsettings
	EndProjectSection
EndProject
Project("{FAE04EC0-301F-11D3-BF4B-00C04F79EFBC}") = "NCalc", "Evaluant.Calculator\NCalc.csproj", "{5F014003-50D8-49E0-8AFE-91D38DCCC97C}"
EndProject
Project("{FAE04EC0-301F-11D3-BF4B-00C04F79EFBC}") = "NCalc.Play", "Evaluant.Calculator.Play\NCalc.Play.csproj", "{4183699B-5B7E-4294-9807-9709BAD86477}"
EndProject
Project("{FAE04EC0-301F-11D3-BF4B-00C04F79EFBC}") = "UnitTests", "UnitTests\UnitTests.csproj", "{C705C27E-ECF7-4262-9187-825B516165F7}"
EndProject
Global
	GlobalSection(TestCaseManagementSettings) = postSolution
		CategoryFile = NCalc.vsmdi
	EndGlobalSection
	GlobalSection(SolutionConfigurationPlatforms) = preSolution
		Debug|Any CPU = Debug|Any CPU
		Release|Any CPU = Release|Any CPU
	EndGlobalSection
	GlobalSection(ProjectConfigurationPlatforms) = postSolution
		{5F014003-50D8-49E0-8AFE-91D38DCCC97C}.Debug|Any CPU.ActiveCfg = Debug|Any CPU
		{5F014003-50D8-49E0-8AFE-91D38DCCC97C}.Debug|Any CPU.Build.0 = Debug|Any CPU
		{5F014003-50D8-49E0-8AFE-91D38DCCC97C}.Release|Any CPU.ActiveCfg = Release|Any CPU
		{5F014003-50D8-49E0-8AFE-91D38DCCC97C}.Release|Any CPU.Build.0 = Release|Any CPU
		{4183699B-5B7E-4294-9807-9709BAD86477}.Debug|Any CPU.ActiveCfg = Debug|Any CPU
		{4183699B-5B7E-4294-9807-9709BAD86477}.Debug|Any CPU.Build.0 = Debug|Any CPU
		{4183699B-5B7E-4294-9807-9709BAD86477}.Release|Any CPU.ActiveCfg = Release|Any CPU
		{4183699B-5B7E-4294-9807-9709BAD86477}.Release|Any CPU.Build.0 = Release|Any CPU
		{C705C27E-ECF7-4262-9187-825B516165F7}.Debug|Any CPU.ActiveCfg = Debug|Any CPU
		{C705C27E-ECF7-4262-9187-825B516165F7}.Debug|Any CPU.Build.0 = Debug|Any CPU
		{C705C27E-ECF7-4262-9187-825B516165F7}.Release|Any CPU.ActiveCfg = Release|Any CPU
		{C705C27E-ECF7-4262-9187-825B516165F7}.Release|Any CPU.Build.0 = Release|Any CPU
	EndGlobalSection
	GlobalSection(SolutionProperties) = preSolution
		HideSolutionNode = FALSE
	EndGlobalSection
EndGlobal
