
Microsoft Visual Studio Solution File, Format Version 12.00
# Visual Studio 15
VisualStudioVersion = 15.0.27428.2037
MinimumVisualStudioVersion = 10.0.40219.1
Project("{FAE04EC0-301F-11D3-BF4B-00C04F79EFBC}") = "ExcelFunctionExtractorGUI", "ExcelFunctionExtractor\ExcelFunctionExtractorGUI.csproj", "{55969ADE-6CC0-4B92-9511-F0EC9042F6A5}"
EndProject
Project("{FAE04EC0-301F-11D3-BF4B-00C04F79EFBC}") = "ExcelFunctions", "ExcelFunctions\ExcelFunctions.csproj", "{3FD4466F-E2CD-41CA-9D8D-A6625DC9C1E7}"
EndProject
Project("{FAE04EC0-301F-11D3-BF4B-00C04F79EFBC}") = "ExcelExtractor", "ExcelExtractor\ExcelExtractor.csproj", "{17736F19-8A8E-4638-A47B-A2AD9A2B438E}"
EndProject
Project("{FAE04EC0-301F-11D3-BF4B-00C04F79EFBC}") = "ExcelExtractor_Test", "ExcelExtractor_Test\ExcelExtractor_Test.csproj", "{35347571-6865-4ECB-B902-D03E7B653D2E}"
EndProject
Project("{FAE04EC0-301F-11D3-BF4B-00C04F79EFBC}") = "Utilities_Test", "Utilities_Test\Utilities_Test.csproj", "{360C1561-58D7-4578-BD2F-4F4753648BFF}"
EndProject
Project("{FAE04EC0-301F-11D3-BF4B-00C04F79EFBC}") = "ExcelFormulaMetrics", "ExcelFormulaMetrics\ExcelFormulaMetrics.csproj", "{2B0B1EDC-8B92-4B7E-850B-2BF161178827}"
EndProject
Project("{FAE04EC0-301F-11D3-BF4B-00C04F79EFBC}") = "Utilities", "Utilities\Utilities.csproj", "{B4075BEB-5435-401C-B075-EB0035497684}"
EndProject
Project("{FAE04EC0-301F-11D3-BF4B-00C04F79EFBC}") = "LinqExtensions", "LinqExtensions\LinqExtensions.csproj", "{36242045-5E6F-40DB-A451-69D981AE72D6}"
EndProject
Project("{FAE04EC0-301F-11D3-BF4B-00C04F79EFBC}") = "NCalcExcel", "NCalc_Excel\Evaluant.Calculator\NCalcExcel.csproj", "{5F014003-50D8-49E0-8AFE-91D38DCCC97C}"
EndProject
Project("{FAE04EC0-301F-11D3-BF4B-00C04F79EFBC}") = "NCalcExcel_UnitTests", "NCalc_Excel\UnitTests\NCalcExcel_UnitTests.csproj", "{C705C27E-ECF7-4262-9187-825B516165F7}"
EndProject
Project("{9A19103F-16F7-4668-BE54-9A1E7A4F7556}") = "Algorithms", "Algorithms\Algorithms.csproj", "{482DB2E1-8DC1-40AC-89EB-7D1E178DEFA1}"
EndProject
Project("{9A19103F-16F7-4668-BE54-9A1E7A4F7556}") = "Excel_Interop", "Excel_Interop\Excel_Interop.csproj", "{EAAA4E34-A742-4F84-A40D-DCEC57F609E9}"
EndProject
Project("{FAE04EC0-301F-11D3-BF4B-00C04F79EFBC}") = "GraphGUI", "GraphGUI\GraphGUI.csproj", "{1A6ABAE7-B3DC-4F0F-A3ED-A4C3432C9E2B}"
EndProject
Project("{FAE04EC0-301F-11D3-BF4B-00C04F79EFBC}") = "GraphViewer", "GraphViewer\GraphViewer.csproj", "{115AE970-7CBA-4DB0-9014-21B5275ED4A9}"
EndProject
Project("{FAE04EC0-301F-11D3-BF4B-00C04F79EFBC}") = "GraphMetrics", "GraphMetrics\GraphMetrics.csproj", "{736E91FB-1F2D-4631-AE31-60017DB8A415}"
EndProject
Project("{FAE04EC0-301F-11D3-BF4B-00C04F79EFBC}") = "Graph", "Graph\Graph.csproj", "{CDCC0408-07AB-43C5-B215-33A082D87428}"
EndProject
Project("{FAE04EC0-301F-11D3-BF4B-00C04F79EFBC}") = "Excel_Interop_Test", "Excel_Interop_Test\Excel_Interop_Test.csproj", "{177A6796-AFD7-4B8C-BB34-8EA0E6CACBBB}"
EndProject
Project("{FAE04EC0-301F-11D3-BF4B-00C04F79EFBC}") = "ExcelFormulaMetrics_Tests", "ExcelFormulaMetrics_Tests\ExcelFormulaMetrics_Tests.csproj", "{497FB0C1-157A-44F3-AF11-96AE0CD344DA}"
EndProject
Project("{FAE04EC0-301F-11D3-BF4B-00C04F79EFBC}") = "Excel_Interop_COM", "Excel_Interop_COM\Excel_Interop_COM.csproj", "{8A96F6F6-D21E-4F5E-B692-CA4E20EC4B05}"
EndProject
Project("{9A19103F-16F7-4668-BE54-9A1E7A4F7556}") = "Excel_Interop_ClosedXML", "Excel_Interop_ClosedXML\Excel_Interop_ClosedXML.csproj", "{ADBA3904-8371-43E5-8243-1524D824D5DA}"
EndProject
Project("{2150E333-8FDC-42A3-9474-1A3956D46DE8}") = "Solution Items", "Solution Items", "{9CCBBD08-BC2F-45F4-AA63-648C6ED92710}"
	ProjectSection(SolutionItems) = preProject
		TODO.txt = TODO.txt
	EndProjectSection
EndProject
Project("{9A19103F-16F7-4668-BE54-9A1E7A4F7556}") = "Algorithms_Test", "Algorithms_Test\Algorithms_Test.csproj", "{7C649A45-EB88-45CB-AC85-EB348FF7D778}"
EndProject
Project("{FAE04EC0-301F-11D3-BF4B-00C04F79EFBC}") = "ParseTreeExtractorGUI", "ParseTreeExtractor_GUI\ParseTreeExtractorGUI.csproj", "{A2DC95D9-2DB4-48BD-97C1-737E95015788}"
EndProject
Project("{9A19103F-16F7-4668-BE54-9A1E7A4F7556}") = "ParseTreeExtractor", "ParseTreeExtractor\ParseTreeExtractor.csproj", "{AFA3D5AC-9F80-41F3-9B97-A10748FC4EA9}"
EndProject
Project("{9A19103F-16F7-4668-BE54-9A1E7A4F7556}") = "Extractor", "Extractor\Extractor.csproj", "{60902D17-9A6E-4BBC-A70B-3092CF21FF6F}"
EndProject
Project("{9A19103F-16F7-4668-BE54-9A1E7A4F7556}") = "Extractor_Test", "Extractor_Test\Extractor_Test.csproj", "{C2C74D3F-86FC-480B-B9E8-2DA3E5835C82}"
EndProject
Project("{FAE04EC0-301F-11D3-BF4B-00C04F79EFBC}") = "Viewer", "Viewer\Viewer.csproj", "{DFAF13E9-C75B-45D3-A20E-485FFD2615A6}"
EndProject
Project("{9A19103F-16F7-4668-BE54-9A1E7A4F7556}") = "GraphAnalysis", "GraphAnalysis\GraphAnalysis.csproj", "{2446213E-AE3A-4E1B-A5FD-453A0219BF65}"
EndProject
Global
	GlobalSection(SolutionConfigurationPlatforms) = preSolution
		Debug|Any CPU = Debug|Any CPU
		Debug|Mixed Platforms = Debug|Mixed Platforms
		Debug|x64 = Debug|x64
		Debug|x86 = Debug|x86
		Release|Any CPU = Release|Any CPU
		Release|Mixed Platforms = Release|Mixed Platforms
		Release|x64 = Release|x64
		Release|x86 = Release|x86
	EndGlobalSection
	GlobalSection(ProjectConfigurationPlatforms) = postSolution
		{55969ADE-6CC0-4B92-9511-F0EC9042F6A5}.Debug|Any CPU.ActiveCfg = Debug|x86
		{55969ADE-6CC0-4B92-9511-F0EC9042F6A5}.Debug|Mixed Platforms.ActiveCfg = Debug|x86
		{55969ADE-6CC0-4B92-9511-F0EC9042F6A5}.Debug|Mixed Platforms.Build.0 = Debug|x86
		{55969ADE-6CC0-4B92-9511-F0EC9042F6A5}.Debug|x64.ActiveCfg = Debug|x64
		{55969ADE-6CC0-4B92-9511-F0EC9042F6A5}.Debug|x64.Build.0 = Debug|x64
		{55969ADE-6CC0-4B92-9511-F0EC9042F6A5}.Debug|x86.ActiveCfg = Debug|x86
		{55969ADE-6CC0-4B92-9511-F0EC9042F6A5}.Debug|x86.Build.0 = Debug|x86
		{55969ADE-6CC0-4B92-9511-F0EC9042F6A5}.Release|Any CPU.ActiveCfg = Release|x86
		{55969ADE-6CC0-4B92-9511-F0EC9042F6A5}.Release|Any CPU.Build.0 = Release|x86
		{55969ADE-6CC0-4B92-9511-F0EC9042F6A5}.Release|Mixed Platforms.ActiveCfg = Release|x86
		{55969ADE-6CC0-4B92-9511-F0EC9042F6A5}.Release|Mixed Platforms.Build.0 = Release|x86
		{55969ADE-6CC0-4B92-9511-F0EC9042F6A5}.Release|x64.ActiveCfg = Release|x64
		{55969ADE-6CC0-4B92-9511-F0EC9042F6A5}.Release|x64.Build.0 = Release|x64
		{55969ADE-6CC0-4B92-9511-F0EC9042F6A5}.Release|x86.ActiveCfg = Release|x86
		{55969ADE-6CC0-4B92-9511-F0EC9042F6A5}.Release|x86.Build.0 = Release|x86
		{3FD4466F-E2CD-41CA-9D8D-A6625DC9C1E7}.Debug|Any CPU.ActiveCfg = Debug|Any CPU
		{3FD4466F-E2CD-41CA-9D8D-A6625DC9C1E7}.Debug|Any CPU.Build.0 = Debug|Any CPU
		{3FD4466F-E2CD-41CA-9D8D-A6625DC9C1E7}.Debug|Mixed Platforms.ActiveCfg = Debug|Any CPU
		{3FD4466F-E2CD-41CA-9D8D-A6625DC9C1E7}.Debug|Mixed Platforms.Build.0 = Debug|Any CPU
		{3FD4466F-E2CD-41CA-9D8D-A6625DC9C1E7}.Debug|x64.ActiveCfg = Debug|x64
		{3FD4466F-E2CD-41CA-9D8D-A6625DC9C1E7}.Debug|x64.Build.0 = Debug|x64
		{3FD4466F-E2CD-41CA-9D8D-A6625DC9C1E7}.Debug|x86.ActiveCfg = Debug|Any CPU
		{3FD4466F-E2CD-41CA-9D8D-A6625DC9C1E7}.Release|Any CPU.ActiveCfg = Release|Any CPU
		{3FD4466F-E2CD-41CA-9D8D-A6625DC9C1E7}.Release|Any CPU.Build.0 = Release|Any CPU
		{3FD4466F-E2CD-41CA-9D8D-A6625DC9C1E7}.Release|Mixed Platforms.ActiveCfg = Release|Any CPU
		{3FD4466F-E2CD-41CA-9D8D-A6625DC9C1E7}.Release|Mixed Platforms.Build.0 = Release|Any CPU
		{3FD4466F-E2CD-41CA-9D8D-A6625DC9C1E7}.Release|x64.ActiveCfg = Release|Any CPU
		{3FD4466F-E2CD-41CA-9D8D-A6625DC9C1E7}.Release|x86.ActiveCfg = Release|Any CPU
		{17736F19-8A8E-4638-A47B-A2AD9A2B438E}.Debug|Any CPU.ActiveCfg = Debug|Any CPU
		{17736F19-8A8E-4638-A47B-A2AD9A2B438E}.Debug|Any CPU.Build.0 = Debug|Any CPU
		{17736F19-8A8E-4638-A47B-A2AD9A2B438E}.Debug|Mixed Platforms.ActiveCfg = Debug|Any CPU
		{17736F19-8A8E-4638-A47B-A2AD9A2B438E}.Debug|Mixed Platforms.Build.0 = Debug|Any CPU
		{17736F19-8A8E-4638-A47B-A2AD9A2B438E}.Debug|x64.ActiveCfg = Debug|Any CPU
		{17736F19-8A8E-4638-A47B-A2AD9A2B438E}.Debug|x64.Build.0 = Debug|Any CPU
		{17736F19-8A8E-4638-A47B-A2AD9A2B438E}.Debug|x86.ActiveCfg = Debug|Any CPU
		{17736F19-8A8E-4638-A47B-A2AD9A2B438E}.Debug|x86.Build.0 = Debug|Any CPU
		{17736F19-8A8E-4638-A47B-A2AD9A2B438E}.Release|Any CPU.ActiveCfg = Release|Any CPU
		{17736F19-8A8E-4638-A47B-A2AD9A2B438E}.Release|Any CPU.Build.0 = Release|Any CPU
		{17736F19-8A8E-4638-A47B-A2AD9A2B438E}.Release|Mixed Platforms.ActiveCfg = Release|Any CPU
		{17736F19-8A8E-4638-A47B-A2AD9A2B438E}.Release|Mixed Platforms.Build.0 = Release|Any CPU
		{17736F19-8A8E-4638-A47B-A2AD9A2B438E}.Release|x64.ActiveCfg = Release|Any CPU
		{17736F19-8A8E-4638-A47B-A2AD9A2B438E}.Release|x64.Build.0 = Release|Any CPU
		{17736F19-8A8E-4638-A47B-A2AD9A2B438E}.Release|x86.ActiveCfg = Release|Any CPU
		{17736F19-8A8E-4638-A47B-A2AD9A2B438E}.Release|x86.Build.0 = Release|Any CPU
		{35347571-6865-4ECB-B902-D03E7B653D2E}.Debug|Any CPU.ActiveCfg = Debug|Any CPU
		{35347571-6865-4ECB-B902-D03E7B653D2E}.Debug|Any CPU.Build.0 = Debug|Any CPU
		{35347571-6865-4ECB-B902-D03E7B653D2E}.Debug|Mixed Platforms.ActiveCfg = Debug|Any CPU
		{35347571-6865-4ECB-B902-D03E7B653D2E}.Debug|Mixed Platforms.Build.0 = Debug|Any CPU
		{35347571-6865-4ECB-B902-D03E7B653D2E}.Debug|x64.ActiveCfg = Debug|Any CPU
		{35347571-6865-4ECB-B902-D03E7B653D2E}.Debug|x64.Build.0 = Debug|Any CPU
		{35347571-6865-4ECB-B902-D03E7B653D2E}.Debug|x86.ActiveCfg = Debug|Any CPU
		{35347571-6865-4ECB-B902-D03E7B653D2E}.Debug|x86.Build.0 = Debug|Any CPU
		{35347571-6865-4ECB-B902-D03E7B653D2E}.Release|Any CPU.ActiveCfg = Release|Any CPU
		{35347571-6865-4ECB-B902-D03E7B653D2E}.Release|Any CPU.Build.0 = Release|Any CPU
		{35347571-6865-4ECB-B902-D03E7B653D2E}.Release|Mixed Platforms.ActiveCfg = Release|Any CPU
		{35347571-6865-4ECB-B902-D03E7B653D2E}.Release|Mixed Platforms.Build.0 = Release|Any CPU
		{35347571-6865-4ECB-B902-D03E7B653D2E}.Release|x64.ActiveCfg = Release|Any CPU
		{35347571-6865-4ECB-B902-D03E7B653D2E}.Release|x64.Build.0 = Release|Any CPU
		{35347571-6865-4ECB-B902-D03E7B653D2E}.Release|x86.ActiveCfg = Release|Any CPU
		{35347571-6865-4ECB-B902-D03E7B653D2E}.Release|x86.Build.0 = Release|Any CPU
		{360C1561-58D7-4578-BD2F-4F4753648BFF}.Debug|Any CPU.ActiveCfg = Debug|Any CPU
		{360C1561-58D7-4578-BD2F-4F4753648BFF}.Debug|Any CPU.Build.0 = Debug|Any CPU
		{360C1561-58D7-4578-BD2F-4F4753648BFF}.Debug|Mixed Platforms.ActiveCfg = Debug|Any CPU
		{360C1561-58D7-4578-BD2F-4F4753648BFF}.Debug|Mixed Platforms.Build.0 = Debug|Any CPU
		{360C1561-58D7-4578-BD2F-4F4753648BFF}.Debug|x64.ActiveCfg = Debug|x64
		{360C1561-58D7-4578-BD2F-4F4753648BFF}.Debug|x64.Build.0 = Debug|x64
		{360C1561-58D7-4578-BD2F-4F4753648BFF}.Debug|x86.ActiveCfg = Debug|Any CPU
		{360C1561-58D7-4578-BD2F-4F4753648BFF}.Debug|x86.Build.0 = Debug|Any CPU
		{360C1561-58D7-4578-BD2F-4F4753648BFF}.Release|Any CPU.ActiveCfg = Release|Any CPU
		{360C1561-58D7-4578-BD2F-4F4753648BFF}.Release|Any CPU.Build.0 = Release|Any CPU
		{360C1561-58D7-4578-BD2F-4F4753648BFF}.Release|Mixed Platforms.ActiveCfg = Release|Any CPU
		{360C1561-58D7-4578-BD2F-4F4753648BFF}.Release|Mixed Platforms.Build.0 = Release|Any CPU
		{360C1561-58D7-4578-BD2F-4F4753648BFF}.Release|x64.ActiveCfg = Release|x64
		{360C1561-58D7-4578-BD2F-4F4753648BFF}.Release|x64.Build.0 = Release|x64
		{360C1561-58D7-4578-BD2F-4F4753648BFF}.Release|x86.ActiveCfg = Release|Any CPU
		{360C1561-58D7-4578-BD2F-4F4753648BFF}.Release|x86.Build.0 = Release|Any CPU
		{2B0B1EDC-8B92-4B7E-850B-2BF161178827}.Debug|Any CPU.ActiveCfg = Debug|Any CPU
		{2B0B1EDC-8B92-4B7E-850B-2BF161178827}.Debug|Any CPU.Build.0 = Debug|Any CPU
		{2B0B1EDC-8B92-4B7E-850B-2BF161178827}.Debug|Mixed Platforms.ActiveCfg = Debug|Any CPU
		{2B0B1EDC-8B92-4B7E-850B-2BF161178827}.Debug|Mixed Platforms.Build.0 = Debug|Any CPU
		{2B0B1EDC-8B92-4B7E-850B-2BF161178827}.Debug|x64.ActiveCfg = Debug|Any CPU
		{2B0B1EDC-8B92-4B7E-850B-2BF161178827}.Debug|x64.Build.0 = Debug|Any CPU
		{2B0B1EDC-8B92-4B7E-850B-2BF161178827}.Debug|x86.ActiveCfg = Debug|Any CPU
		{2B0B1EDC-8B92-4B7E-850B-2BF161178827}.Debug|x86.Build.0 = Debug|Any CPU
		{2B0B1EDC-8B92-4B7E-850B-2BF161178827}.Release|Any CPU.ActiveCfg = Release|Any CPU
		{2B0B1EDC-8B92-4B7E-850B-2BF161178827}.Release|Any CPU.Build.0 = Release|Any CPU
		{2B0B1EDC-8B92-4B7E-850B-2BF161178827}.Release|Mixed Platforms.ActiveCfg = Release|Any CPU
		{2B0B1EDC-8B92-4B7E-850B-2BF161178827}.Release|Mixed Platforms.Build.0 = Release|Any CPU
		{2B0B1EDC-8B92-4B7E-850B-2BF161178827}.Release|x64.ActiveCfg = Release|Any CPU
		{2B0B1EDC-8B92-4B7E-850B-2BF161178827}.Release|x64.Build.0 = Release|Any CPU
		{2B0B1EDC-8B92-4B7E-850B-2BF161178827}.Release|x86.ActiveCfg = Release|Any CPU
		{2B0B1EDC-8B92-4B7E-850B-2BF161178827}.Release|x86.Build.0 = Release|Any CPU
		{B4075BEB-5435-401C-B075-EB0035497684}.Debug|Any CPU.ActiveCfg = Debug|Any CPU
		{B4075BEB-5435-401C-B075-EB0035497684}.Debug|Any CPU.Build.0 = Debug|Any CPU
		{B4075BEB-5435-401C-B075-EB0035497684}.Debug|Mixed Platforms.ActiveCfg = Debug|Any CPU
		{B4075BEB-5435-401C-B075-EB0035497684}.Debug|Mixed Platforms.Build.0 = Debug|Any CPU
		{B4075BEB-5435-401C-B075-EB0035497684}.Debug|x64.ActiveCfg = Debug|x64
		{B4075BEB-5435-401C-B075-EB0035497684}.Debug|x64.Build.0 = Debug|x64
		{B4075BEB-5435-401C-B075-EB0035497684}.Debug|x86.ActiveCfg = Debug|Any CPU
		{B4075BEB-5435-401C-B075-EB0035497684}.Debug|x86.Build.0 = Debug|Any CPU
		{B4075BEB-5435-401C-B075-EB0035497684}.Release|Any CPU.ActiveCfg = Release|Any CPU
		{B4075BEB-5435-401C-B075-EB0035497684}.Release|Any CPU.Build.0 = Release|Any CPU
		{B4075BEB-5435-401C-B075-EB0035497684}.Release|Mixed Platforms.ActiveCfg = Release|Any CPU
		{B4075BEB-5435-401C-B075-EB0035497684}.Release|Mixed Platforms.Build.0 = Release|Any CPU
		{B4075BEB-5435-401C-B075-EB0035497684}.Release|x64.ActiveCfg = Release|x64
		{B4075BEB-5435-401C-B075-EB0035497684}.Release|x64.Build.0 = Release|x64
		{B4075BEB-5435-401C-B075-EB0035497684}.Release|x86.ActiveCfg = Release|Any CPU
		{B4075BEB-5435-401C-B075-EB0035497684}.Release|x86.Build.0 = Release|Any CPU
		{36242045-5E6F-40DB-A451-69D981AE72D6}.Debug|Any CPU.ActiveCfg = Debug|Any CPU
		{36242045-5E6F-40DB-A451-69D981AE72D6}.Debug|Any CPU.Build.0 = Debug|Any CPU
		{36242045-5E6F-40DB-A451-69D981AE72D6}.Debug|Mixed Platforms.ActiveCfg = Debug|Any CPU
		{36242045-5E6F-40DB-A451-69D981AE72D6}.Debug|Mixed Platforms.Build.0 = Debug|Any CPU
		{36242045-5E6F-40DB-A451-69D981AE72D6}.Debug|x64.ActiveCfg = Debug|Any CPU
		{36242045-5E6F-40DB-A451-69D981AE72D6}.Debug|x64.Build.0 = Debug|Any CPU
		{36242045-5E6F-40DB-A451-69D981AE72D6}.Debug|x86.ActiveCfg = Debug|Any CPU
		{36242045-5E6F-40DB-A451-69D981AE72D6}.Debug|x86.Build.0 = Debug|Any CPU
		{36242045-5E6F-40DB-A451-69D981AE72D6}.Release|Any CPU.ActiveCfg = Release|Any CPU
		{36242045-5E6F-40DB-A451-69D981AE72D6}.Release|Any CPU.Build.0 = Release|Any CPU
		{36242045-5E6F-40DB-A451-69D981AE72D6}.Release|Mixed Platforms.ActiveCfg = Release|Any CPU
		{36242045-5E6F-40DB-A451-69D981AE72D6}.Release|Mixed Platforms.Build.0 = Release|Any CPU
		{36242045-5E6F-40DB-A451-69D981AE72D6}.Release|x64.ActiveCfg = Release|Any CPU
		{36242045-5E6F-40DB-A451-69D981AE72D6}.Release|x64.Build.0 = Release|Any CPU
		{36242045-5E6F-40DB-A451-69D981AE72D6}.Release|x86.ActiveCfg = Release|Any CPU
		{36242045-5E6F-40DB-A451-69D981AE72D6}.Release|x86.Build.0 = Release|Any CPU
		{5F014003-50D8-49E0-8AFE-91D38DCCC97C}.Debug|Any CPU.ActiveCfg = Debug|Any CPU
		{5F014003-50D8-49E0-8AFE-91D38DCCC97C}.Debug|Any CPU.Build.0 = Debug|Any CPU
		{5F014003-50D8-49E0-8AFE-91D38DCCC97C}.Debug|Mixed Platforms.ActiveCfg = Debug|Any CPU
		{5F014003-50D8-49E0-8AFE-91D38DCCC97C}.Debug|Mixed Platforms.Build.0 = Debug|Any CPU
		{5F014003-50D8-49E0-8AFE-91D38DCCC97C}.Debug|x64.ActiveCfg = Debug|x64
		{5F014003-50D8-49E0-8AFE-91D38DCCC97C}.Debug|x64.Build.0 = Debug|x64
		{5F014003-50D8-49E0-8AFE-91D38DCCC97C}.Debug|x86.ActiveCfg = Debug|Any CPU
		{5F014003-50D8-49E0-8AFE-91D38DCCC97C}.Debug|x86.Build.0 = Debug|Any CPU
		{5F014003-50D8-49E0-8AFE-91D38DCCC97C}.Release|Any CPU.ActiveCfg = Release|Any CPU
		{5F014003-50D8-49E0-8AFE-91D38DCCC97C}.Release|Any CPU.Build.0 = Release|Any CPU
		{5F014003-50D8-49E0-8AFE-91D38DCCC97C}.Release|Mixed Platforms.ActiveCfg = Release|Any CPU
		{5F014003-50D8-49E0-8AFE-91D38DCCC97C}.Release|Mixed Platforms.Build.0 = Release|Any CPU
		{5F014003-50D8-49E0-8AFE-91D38DCCC97C}.Release|x64.ActiveCfg = Release|x64
		{5F014003-50D8-49E0-8AFE-91D38DCCC97C}.Release|x64.Build.0 = Release|x64
		{5F014003-50D8-49E0-8AFE-91D38DCCC97C}.Release|x86.ActiveCfg = Release|Any CPU
		{5F014003-50D8-49E0-8AFE-91D38DCCC97C}.Release|x86.Build.0 = Release|Any CPU
		{C705C27E-ECF7-4262-9187-825B516165F7}.Debug|Any CPU.ActiveCfg = Debug|Any CPU
		{C705C27E-ECF7-4262-9187-825B516165F7}.Debug|Any CPU.Build.0 = Debug|Any CPU
		{C705C27E-ECF7-4262-9187-825B516165F7}.Debug|Mixed Platforms.ActiveCfg = Debug|Any CPU
		{C705C27E-ECF7-4262-9187-825B516165F7}.Debug|Mixed Platforms.Build.0 = Debug|Any CPU
		{C705C27E-ECF7-4262-9187-825B516165F7}.Debug|x64.ActiveCfg = Debug|x64
		{C705C27E-ECF7-4262-9187-825B516165F7}.Debug|x64.Build.0 = Debug|x64
		{C705C27E-ECF7-4262-9187-825B516165F7}.Debug|x86.ActiveCfg = Debug|Any CPU
		{C705C27E-ECF7-4262-9187-825B516165F7}.Debug|x86.Build.0 = Debug|Any CPU
		{C705C27E-ECF7-4262-9187-825B516165F7}.Release|Any CPU.ActiveCfg = Release|Any CPU
		{C705C27E-ECF7-4262-9187-825B516165F7}.Release|Any CPU.Build.0 = Release|Any CPU
		{C705C27E-ECF7-4262-9187-825B516165F7}.Release|Mixed Platforms.ActiveCfg = Release|Any CPU
		{C705C27E-ECF7-4262-9187-825B516165F7}.Release|Mixed Platforms.Build.0 = Release|Any CPU
		{C705C27E-ECF7-4262-9187-825B516165F7}.Release|x64.ActiveCfg = Release|x64
		{C705C27E-ECF7-4262-9187-825B516165F7}.Release|x64.Build.0 = Release|x64
		{C705C27E-ECF7-4262-9187-825B516165F7}.Release|x86.ActiveCfg = Release|Any CPU
		{C705C27E-ECF7-4262-9187-825B516165F7}.Release|x86.Build.0 = Release|Any CPU
		{482DB2E1-8DC1-40AC-89EB-7D1E178DEFA1}.Debug|Any CPU.ActiveCfg = Debug|Any CPU
		{482DB2E1-8DC1-40AC-89EB-7D1E178DEFA1}.Debug|Any CPU.Build.0 = Debug|Any CPU
		{482DB2E1-8DC1-40AC-89EB-7D1E178DEFA1}.Debug|Mixed Platforms.ActiveCfg = Debug|Any CPU
		{482DB2E1-8DC1-40AC-89EB-7D1E178DEFA1}.Debug|Mixed Platforms.Build.0 = Debug|Any CPU
		{482DB2E1-8DC1-40AC-89EB-7D1E178DEFA1}.Debug|x64.ActiveCfg = Debug|Any CPU
		{482DB2E1-8DC1-40AC-89EB-7D1E178DEFA1}.Debug|x64.Build.0 = Debug|Any CPU
		{482DB2E1-8DC1-40AC-89EB-7D1E178DEFA1}.Debug|x86.ActiveCfg = Debug|Any CPU
		{482DB2E1-8DC1-40AC-89EB-7D1E178DEFA1}.Debug|x86.Build.0 = Debug|Any CPU
		{482DB2E1-8DC1-40AC-89EB-7D1E178DEFA1}.Release|Any CPU.ActiveCfg = Release|Any CPU
		{482DB2E1-8DC1-40AC-89EB-7D1E178DEFA1}.Release|Any CPU.Build.0 = Release|Any CPU
		{482DB2E1-8DC1-40AC-89EB-7D1E178DEFA1}.Release|Mixed Platforms.ActiveCfg = Release|Any CPU
		{482DB2E1-8DC1-40AC-89EB-7D1E178DEFA1}.Release|Mixed Platforms.Build.0 = Release|Any CPU
		{482DB2E1-8DC1-40AC-89EB-7D1E178DEFA1}.Release|x64.ActiveCfg = Release|Any CPU
		{482DB2E1-8DC1-40AC-89EB-7D1E178DEFA1}.Release|x64.Build.0 = Release|Any CPU
		{482DB2E1-8DC1-40AC-89EB-7D1E178DEFA1}.Release|x86.ActiveCfg = Release|Any CPU
		{482DB2E1-8DC1-40AC-89EB-7D1E178DEFA1}.Release|x86.Build.0 = Release|Any CPU
		{EAAA4E34-A742-4F84-A40D-DCEC57F609E9}.Debug|Any CPU.ActiveCfg = Debug|Any CPU
		{EAAA4E34-A742-4F84-A40D-DCEC57F609E9}.Debug|Any CPU.Build.0 = Debug|Any CPU
		{EAAA4E34-A742-4F84-A40D-DCEC57F609E9}.Debug|Mixed Platforms.ActiveCfg = Debug|Any CPU
		{EAAA4E34-A742-4F84-A40D-DCEC57F609E9}.Debug|Mixed Platforms.Build.0 = Debug|Any CPU
		{EAAA4E34-A742-4F84-A40D-DCEC57F609E9}.Debug|x64.ActiveCfg = Debug|Any CPU
		{EAAA4E34-A742-4F84-A40D-DCEC57F609E9}.Debug|x64.Build.0 = Debug|Any CPU
		{EAAA4E34-A742-4F84-A40D-DCEC57F609E9}.Debug|x86.ActiveCfg = Debug|Any CPU
		{EAAA4E34-A742-4F84-A40D-DCEC57F609E9}.Debug|x86.Build.0 = Debug|Any CPU
		{EAAA4E34-A742-4F84-A40D-DCEC57F609E9}.Release|Any CPU.ActiveCfg = Release|Any CPU
		{EAAA4E34-A742-4F84-A40D-DCEC57F609E9}.Release|Any CPU.Build.0 = Release|Any CPU
		{EAAA4E34-A742-4F84-A40D-DCEC57F609E9}.Release|Mixed Platforms.ActiveCfg = Release|Any CPU
		{EAAA4E34-A742-4F84-A40D-DCEC57F609E9}.Release|Mixed Platforms.Build.0 = Release|Any CPU
		{EAAA4E34-A742-4F84-A40D-DCEC57F609E9}.Release|x64.ActiveCfg = Release|Any CPU
		{EAAA4E34-A742-4F84-A40D-DCEC57F609E9}.Release|x64.Build.0 = Release|Any CPU
		{EAAA4E34-A742-4F84-A40D-DCEC57F609E9}.Release|x86.ActiveCfg = Release|Any CPU
		{EAAA4E34-A742-4F84-A40D-DCEC57F609E9}.Release|x86.Build.0 = Release|Any CPU
		{1A6ABAE7-B3DC-4F0F-A3ED-A4C3432C9E2B}.Debug|Any CPU.ActiveCfg = Debug|Any CPU
		{1A6ABAE7-B3DC-4F0F-A3ED-A4C3432C9E2B}.Debug|Any CPU.Build.0 = Debug|Any CPU
		{1A6ABAE7-B3DC-4F0F-A3ED-A4C3432C9E2B}.Debug|Mixed Platforms.ActiveCfg = Debug|Any CPU
		{1A6ABAE7-B3DC-4F0F-A3ED-A4C3432C9E2B}.Debug|Mixed Platforms.Build.0 = Debug|Any CPU
		{1A6ABAE7-B3DC-4F0F-A3ED-A4C3432C9E2B}.Debug|x64.ActiveCfg = Debug|Any CPU
		{1A6ABAE7-B3DC-4F0F-A3ED-A4C3432C9E2B}.Debug|x64.Build.0 = Debug|Any CPU
		{1A6ABAE7-B3DC-4F0F-A3ED-A4C3432C9E2B}.Debug|x86.ActiveCfg = Debug|Any CPU
		{1A6ABAE7-B3DC-4F0F-A3ED-A4C3432C9E2B}.Debug|x86.Build.0 = Debug|Any CPU
		{1A6ABAE7-B3DC-4F0F-A3ED-A4C3432C9E2B}.Release|Any CPU.ActiveCfg = Release|Any CPU
		{1A6ABAE7-B3DC-4F0F-A3ED-A4C3432C9E2B}.Release|Any CPU.Build.0 = Release|Any CPU
		{1A6ABAE7-B3DC-4F0F-A3ED-A4C3432C9E2B}.Release|Mixed Platforms.ActiveCfg = Release|Any CPU
		{1A6ABAE7-B3DC-4F0F-A3ED-A4C3432C9E2B}.Release|Mixed Platforms.Build.0 = Release|Any CPU
		{1A6ABAE7-B3DC-4F0F-A3ED-A4C3432C9E2B}.Release|x64.ActiveCfg = Release|Any CPU
		{1A6ABAE7-B3DC-4F0F-A3ED-A4C3432C9E2B}.Release|x64.Build.0 = Release|Any CPU
		{1A6ABAE7-B3DC-4F0F-A3ED-A4C3432C9E2B}.Release|x86.ActiveCfg = Release|Any CPU
		{1A6ABAE7-B3DC-4F0F-A3ED-A4C3432C9E2B}.Release|x86.Build.0 = Release|Any CPU
		{115AE970-7CBA-4DB0-9014-21B5275ED4A9}.Debug|Any CPU.ActiveCfg = Debug|x86
		{115AE970-7CBA-4DB0-9014-21B5275ED4A9}.Debug|Mixed Platforms.ActiveCfg = Debug|x86
		{115AE970-7CBA-4DB0-9014-21B5275ED4A9}.Debug|Mixed Platforms.Build.0 = Debug|x86
		{115AE970-7CBA-4DB0-9014-21B5275ED4A9}.Debug|x64.ActiveCfg = Debug|x86
		{115AE970-7CBA-4DB0-9014-21B5275ED4A9}.Debug|x86.ActiveCfg = Debug|x86
		{115AE970-7CBA-4DB0-9014-21B5275ED4A9}.Debug|x86.Build.0 = Debug|x86
		{115AE970-7CBA-4DB0-9014-21B5275ED4A9}.Release|Any CPU.ActiveCfg = Release|x86
		{115AE970-7CBA-4DB0-9014-21B5275ED4A9}.Release|Mixed Platforms.ActiveCfg = Release|x86
		{115AE970-7CBA-4DB0-9014-21B5275ED4A9}.Release|Mixed Platforms.Build.0 = Release|x86
		{115AE970-7CBA-4DB0-9014-21B5275ED4A9}.Release|x64.ActiveCfg = Release|x86
		{115AE970-7CBA-4DB0-9014-21B5275ED4A9}.Release|x86.ActiveCfg = Release|x86
		{115AE970-7CBA-4DB0-9014-21B5275ED4A9}.Release|x86.Build.0 = Release|x86
		{736E91FB-1F2D-4631-AE31-60017DB8A415}.Debug|Any CPU.ActiveCfg = Debug|Any CPU
		{736E91FB-1F2D-4631-AE31-60017DB8A415}.Debug|Any CPU.Build.0 = Debug|Any CPU
		{736E91FB-1F2D-4631-AE31-60017DB8A415}.Debug|Mixed Platforms.ActiveCfg = Debug|Any CPU
		{736E91FB-1F2D-4631-AE31-60017DB8A415}.Debug|Mixed Platforms.Build.0 = Debug|Any CPU
		{736E91FB-1F2D-4631-AE31-60017DB8A415}.Debug|x64.ActiveCfg = Debug|Any CPU
		{736E91FB-1F2D-4631-AE31-60017DB8A415}.Debug|x64.Build.0 = Debug|Any CPU
		{736E91FB-1F2D-4631-AE31-60017DB8A415}.Debug|x86.ActiveCfg = Debug|Any CPU
		{736E91FB-1F2D-4631-AE31-60017DB8A415}.Debug|x86.Build.0 = Debug|Any CPU
		{736E91FB-1F2D-4631-AE31-60017DB8A415}.Release|Any CPU.ActiveCfg = Release|Any CPU
		{736E91FB-1F2D-4631-AE31-60017DB8A415}.Release|Any CPU.Build.0 = Release|Any CPU
		{736E91FB-1F2D-4631-AE31-60017DB8A415}.Release|Mixed Platforms.ActiveCfg = Release|Any CPU
		{736E91FB-1F2D-4631-AE31-60017DB8A415}.Release|Mixed Platforms.Build.0 = Release|Any CPU
		{736E91FB-1F2D-4631-AE31-60017DB8A415}.Release|x64.ActiveCfg = Release|Any CPU
		{736E91FB-1F2D-4631-AE31-60017DB8A415}.Release|x64.Build.0 = Release|Any CPU
		{736E91FB-1F2D-4631-AE31-60017DB8A415}.Release|x86.ActiveCfg = Release|Any CPU
		{736E91FB-1F2D-4631-AE31-60017DB8A415}.Release|x86.Build.0 = Release|Any CPU
		{CDCC0408-07AB-43C5-B215-33A082D87428}.Debug|Any CPU.ActiveCfg = Debug|Any CPU
		{CDCC0408-07AB-43C5-B215-33A082D87428}.Debug|Any CPU.Build.0 = Debug|Any CPU
		{CDCC0408-07AB-43C5-B215-33A082D87428}.Debug|Mixed Platforms.ActiveCfg = Debug|Any CPU
		{CDCC0408-07AB-43C5-B215-33A082D87428}.Debug|Mixed Platforms.Build.0 = Debug|Any CPU
		{CDCC0408-07AB-43C5-B215-33A082D87428}.Debug|x64.ActiveCfg = Debug|Any CPU
		{CDCC0408-07AB-43C5-B215-33A082D87428}.Debug|x64.Build.0 = Debug|Any CPU
		{CDCC0408-07AB-43C5-B215-33A082D87428}.Debug|x86.ActiveCfg = Debug|Any CPU
		{CDCC0408-07AB-43C5-B215-33A082D87428}.Debug|x86.Build.0 = Debug|Any CPU
		{CDCC0408-07AB-43C5-B215-33A082D87428}.Release|Any CPU.ActiveCfg = Release|Any CPU
		{CDCC0408-07AB-43C5-B215-33A082D87428}.Release|Any CPU.Build.0 = Release|Any CPU
		{CDCC0408-07AB-43C5-B215-33A082D87428}.Release|Mixed Platforms.ActiveCfg = Release|Any CPU
		{CDCC0408-07AB-43C5-B215-33A082D87428}.Release|Mixed Platforms.Build.0 = Release|Any CPU
		{CDCC0408-07AB-43C5-B215-33A082D87428}.Release|x64.ActiveCfg = Release|Any CPU
		{CDCC0408-07AB-43C5-B215-33A082D87428}.Release|x64.Build.0 = Release|Any CPU
		{CDCC0408-07AB-43C5-B215-33A082D87428}.Release|x86.ActiveCfg = Release|Any CPU
		{CDCC0408-07AB-43C5-B215-33A082D87428}.Release|x86.Build.0 = Release|Any CPU
		{177A6796-AFD7-4B8C-BB34-8EA0E6CACBBB}.Debug|Any CPU.ActiveCfg = Debug|Any CPU
		{177A6796-AFD7-4B8C-BB34-8EA0E6CACBBB}.Debug|Any CPU.Build.0 = Debug|Any CPU
		{177A6796-AFD7-4B8C-BB34-8EA0E6CACBBB}.Debug|Mixed Platforms.ActiveCfg = Debug|Any CPU
		{177A6796-AFD7-4B8C-BB34-8EA0E6CACBBB}.Debug|Mixed Platforms.Build.0 = Debug|Any CPU
		{177A6796-AFD7-4B8C-BB34-8EA0E6CACBBB}.Debug|x64.ActiveCfg = Debug|Any CPU
		{177A6796-AFD7-4B8C-BB34-8EA0E6CACBBB}.Debug|x64.Build.0 = Debug|Any CPU
		{177A6796-AFD7-4B8C-BB34-8EA0E6CACBBB}.Debug|x86.ActiveCfg = Debug|Any CPU
		{177A6796-AFD7-4B8C-BB34-8EA0E6CACBBB}.Debug|x86.Build.0 = Debug|Any CPU
		{177A6796-AFD7-4B8C-BB34-8EA0E6CACBBB}.Release|Any CPU.ActiveCfg = Release|Any CPU
		{177A6796-AFD7-4B8C-BB34-8EA0E6CACBBB}.Release|Any CPU.Build.0 = Release|Any CPU
		{177A6796-AFD7-4B8C-BB34-8EA0E6CACBBB}.Release|Mixed Platforms.ActiveCfg = Release|Any CPU
		{177A6796-AFD7-4B8C-BB34-8EA0E6CACBBB}.Release|Mixed Platforms.Build.0 = Release|Any CPU
		{177A6796-AFD7-4B8C-BB34-8EA0E6CACBBB}.Release|x64.ActiveCfg = Release|Any CPU
		{177A6796-AFD7-4B8C-BB34-8EA0E6CACBBB}.Release|x64.Build.0 = Release|Any CPU
		{177A6796-AFD7-4B8C-BB34-8EA0E6CACBBB}.Release|x86.ActiveCfg = Release|Any CPU
		{177A6796-AFD7-4B8C-BB34-8EA0E6CACBBB}.Release|x86.Build.0 = Release|Any CPU
		{497FB0C1-157A-44F3-AF11-96AE0CD344DA}.Debug|Any CPU.ActiveCfg = Debug|Any CPU
		{497FB0C1-157A-44F3-AF11-96AE0CD344DA}.Debug|Any CPU.Build.0 = Debug|Any CPU
		{497FB0C1-157A-44F3-AF11-96AE0CD344DA}.Debug|Mixed Platforms.ActiveCfg = Debug|Any CPU
		{497FB0C1-157A-44F3-AF11-96AE0CD344DA}.Debug|Mixed Platforms.Build.0 = Debug|Any CPU
		{497FB0C1-157A-44F3-AF11-96AE0CD344DA}.Debug|x64.ActiveCfg = Debug|Any CPU
		{497FB0C1-157A-44F3-AF11-96AE0CD344DA}.Debug|x64.Build.0 = Debug|Any CPU
		{497FB0C1-157A-44F3-AF11-96AE0CD344DA}.Debug|x86.ActiveCfg = Debug|Any CPU
		{497FB0C1-157A-44F3-AF11-96AE0CD344DA}.Debug|x86.Build.0 = Debug|Any CPU
		{497FB0C1-157A-44F3-AF11-96AE0CD344DA}.Release|Any CPU.ActiveCfg = Release|Any CPU
		{497FB0C1-157A-44F3-AF11-96AE0CD344DA}.Release|Any CPU.Build.0 = Release|Any CPU
		{497FB0C1-157A-44F3-AF11-96AE0CD344DA}.Release|Mixed Platforms.ActiveCfg = Release|Any CPU
		{497FB0C1-157A-44F3-AF11-96AE0CD344DA}.Release|Mixed Platforms.Build.0 = Release|Any CPU
		{497FB0C1-157A-44F3-AF11-96AE0CD344DA}.Release|x64.ActiveCfg = Release|Any CPU
		{497FB0C1-157A-44F3-AF11-96AE0CD344DA}.Release|x64.Build.0 = Release|Any CPU
		{497FB0C1-157A-44F3-AF11-96AE0CD344DA}.Release|x86.ActiveCfg = Release|Any CPU
		{497FB0C1-157A-44F3-AF11-96AE0CD344DA}.Release|x86.Build.0 = Release|Any CPU
		{8A96F6F6-D21E-4F5E-B692-CA4E20EC4B05}.Debug|Any CPU.ActiveCfg = Debug|Any CPU
		{8A96F6F6-D21E-4F5E-B692-CA4E20EC4B05}.Debug|Any CPU.Build.0 = Debug|Any CPU
		{8A96F6F6-D21E-4F5E-B692-CA4E20EC4B05}.Debug|Mixed Platforms.ActiveCfg = Debug|Any CPU
		{8A96F6F6-D21E-4F5E-B692-CA4E20EC4B05}.Debug|Mixed Platforms.Build.0 = Debug|Any CPU
		{8A96F6F6-D21E-4F5E-B692-CA4E20EC4B05}.Debug|x64.ActiveCfg = Debug|Any CPU
		{8A96F6F6-D21E-4F5E-B692-CA4E20EC4B05}.Debug|x64.Build.0 = Debug|Any CPU
		{8A96F6F6-D21E-4F5E-B692-CA4E20EC4B05}.Debug|x86.ActiveCfg = Debug|Any CPU
		{8A96F6F6-D21E-4F5E-B692-CA4E20EC4B05}.Debug|x86.Build.0 = Debug|Any CPU
		{8A96F6F6-D21E-4F5E-B692-CA4E20EC4B05}.Release|Any CPU.ActiveCfg = Release|Any CPU
		{8A96F6F6-D21E-4F5E-B692-CA4E20EC4B05}.Release|Any CPU.Build.0 = Release|Any CPU
		{8A96F6F6-D21E-4F5E-B692-CA4E20EC4B05}.Release|Mixed Platforms.ActiveCfg = Release|Any CPU
		{8A96F6F6-D21E-4F5E-B692-CA4E20EC4B05}.Release|Mixed Platforms.Build.0 = Release|Any CPU
		{8A96F6F6-D21E-4F5E-B692-CA4E20EC4B05}.Release|x64.ActiveCfg = Release|Any CPU
		{8A96F6F6-D21E-4F5E-B692-CA4E20EC4B05}.Release|x64.Build.0 = Release|Any CPU
		{8A96F6F6-D21E-4F5E-B692-CA4E20EC4B05}.Release|x86.ActiveCfg = Release|Any CPU
		{8A96F6F6-D21E-4F5E-B692-CA4E20EC4B05}.Release|x86.Build.0 = Release|Any CPU
		{ADBA3904-8371-43E5-8243-1524D824D5DA}.Debug|Any CPU.ActiveCfg = Debug|Any CPU
		{ADBA3904-8371-43E5-8243-1524D824D5DA}.Debug|Any CPU.Build.0 = Debug|Any CPU
		{ADBA3904-8371-43E5-8243-1524D824D5DA}.Debug|Mixed Platforms.ActiveCfg = Debug|Any CPU
		{ADBA3904-8371-43E5-8243-1524D824D5DA}.Debug|Mixed Platforms.Build.0 = Debug|Any CPU
		{ADBA3904-8371-43E5-8243-1524D824D5DA}.Debug|x64.ActiveCfg = Debug|Any CPU
		{ADBA3904-8371-43E5-8243-1524D824D5DA}.Debug|x64.Build.0 = Debug|Any CPU
		{ADBA3904-8371-43E5-8243-1524D824D5DA}.Debug|x86.ActiveCfg = Debug|Any CPU
		{ADBA3904-8371-43E5-8243-1524D824D5DA}.Debug|x86.Build.0 = Debug|Any CPU
		{ADBA3904-8371-43E5-8243-1524D824D5DA}.Release|Any CPU.ActiveCfg = Release|Any CPU
		{ADBA3904-8371-43E5-8243-1524D824D5DA}.Release|Any CPU.Build.0 = Release|Any CPU
		{ADBA3904-8371-43E5-8243-1524D824D5DA}.Release|Mixed Platforms.ActiveCfg = Release|Any CPU
		{ADBA3904-8371-43E5-8243-1524D824D5DA}.Release|Mixed Platforms.Build.0 = Release|Any CPU
		{ADBA3904-8371-43E5-8243-1524D824D5DA}.Release|x64.ActiveCfg = Release|Any CPU
		{ADBA3904-8371-43E5-8243-1524D824D5DA}.Release|x64.Build.0 = Release|Any CPU
		{ADBA3904-8371-43E5-8243-1524D824D5DA}.Release|x86.ActiveCfg = Release|Any CPU
		{ADBA3904-8371-43E5-8243-1524D824D5DA}.Release|x86.Build.0 = Release|Any CPU
		{7C649A45-EB88-45CB-AC85-EB348FF7D778}.Debug|Any CPU.ActiveCfg = Debug|Any CPU
		{7C649A45-EB88-45CB-AC85-EB348FF7D778}.Debug|Any CPU.Build.0 = Debug|Any CPU
		{7C649A45-EB88-45CB-AC85-EB348FF7D778}.Debug|Mixed Platforms.ActiveCfg = Debug|Any CPU
		{7C649A45-EB88-45CB-AC85-EB348FF7D778}.Debug|Mixed Platforms.Build.0 = Debug|Any CPU
		{7C649A45-EB88-45CB-AC85-EB348FF7D778}.Debug|x64.ActiveCfg = Debug|Any CPU
		{7C649A45-EB88-45CB-AC85-EB348FF7D778}.Debug|x64.Build.0 = Debug|Any CPU
		{7C649A45-EB88-45CB-AC85-EB348FF7D778}.Debug|x86.ActiveCfg = Debug|Any CPU
		{7C649A45-EB88-45CB-AC85-EB348FF7D778}.Debug|x86.Build.0 = Debug|Any CPU
		{7C649A45-EB88-45CB-AC85-EB348FF7D778}.Release|Any CPU.ActiveCfg = Release|Any CPU
		{7C649A45-EB88-45CB-AC85-EB348FF7D778}.Release|Any CPU.Build.0 = Release|Any CPU
		{7C649A45-EB88-45CB-AC85-EB348FF7D778}.Release|Mixed Platforms.ActiveCfg = Release|Any CPU
		{7C649A45-EB88-45CB-AC85-EB348FF7D778}.Release|Mixed Platforms.Build.0 = Release|Any CPU
		{7C649A45-EB88-45CB-AC85-EB348FF7D778}.Release|x64.ActiveCfg = Release|Any CPU
		{7C649A45-EB88-45CB-AC85-EB348FF7D778}.Release|x64.Build.0 = Release|Any CPU
		{7C649A45-EB88-45CB-AC85-EB348FF7D778}.Release|x86.ActiveCfg = Release|Any CPU
		{7C649A45-EB88-45CB-AC85-EB348FF7D778}.Release|x86.Build.0 = Release|Any CPU
		{A2DC95D9-2DB4-48BD-97C1-737E95015788}.Debug|Any CPU.ActiveCfg = Debug|Any CPU
		{A2DC95D9-2DB4-48BD-97C1-737E95015788}.Debug|Any CPU.Build.0 = Debug|Any CPU
		{A2DC95D9-2DB4-48BD-97C1-737E95015788}.Debug|Mixed Platforms.ActiveCfg = Debug|Any CPU
		{A2DC95D9-2DB4-48BD-97C1-737E95015788}.Debug|Mixed Platforms.Build.0 = Debug|Any CPU
		{A2DC95D9-2DB4-48BD-97C1-737E95015788}.Debug|x64.ActiveCfg = Debug|Any CPU
		{A2DC95D9-2DB4-48BD-97C1-737E95015788}.Debug|x64.Build.0 = Debug|Any CPU
		{A2DC95D9-2DB4-48BD-97C1-737E95015788}.Debug|x86.ActiveCfg = Debug|Any CPU
		{A2DC95D9-2DB4-48BD-97C1-737E95015788}.Debug|x86.Build.0 = Debug|Any CPU
		{A2DC95D9-2DB4-48BD-97C1-737E95015788}.Release|Any CPU.ActiveCfg = Release|Any CPU
		{A2DC95D9-2DB4-48BD-97C1-737E95015788}.Release|Any CPU.Build.0 = Release|Any CPU
		{A2DC95D9-2DB4-48BD-97C1-737E95015788}.Release|Mixed Platforms.ActiveCfg = Release|Any CPU
		{A2DC95D9-2DB4-48BD-97C1-737E95015788}.Release|Mixed Platforms.Build.0 = Release|Any CPU
		{A2DC95D9-2DB4-48BD-97C1-737E95015788}.Release|x64.ActiveCfg = Release|Any CPU
		{A2DC95D9-2DB4-48BD-97C1-737E95015788}.Release|x64.Build.0 = Release|Any CPU
		{A2DC95D9-2DB4-48BD-97C1-737E95015788}.Release|x86.ActiveCfg = Release|Any CPU
		{A2DC95D9-2DB4-48BD-97C1-737E95015788}.Release|x86.Build.0 = Release|Any CPU
		{AFA3D5AC-9F80-41F3-9B97-A10748FC4EA9}.Debug|Any CPU.ActiveCfg = Debug|Any CPU
		{AFA3D5AC-9F80-41F3-9B97-A10748FC4EA9}.Debug|Any CPU.Build.0 = Debug|Any CPU
		{AFA3D5AC-9F80-41F3-9B97-A10748FC4EA9}.Debug|Mixed Platforms.ActiveCfg = Debug|Any CPU
		{AFA3D5AC-9F80-41F3-9B97-A10748FC4EA9}.Debug|Mixed Platforms.Build.0 = Debug|Any CPU
		{AFA3D5AC-9F80-41F3-9B97-A10748FC4EA9}.Debug|x64.ActiveCfg = Debug|Any CPU
		{AFA3D5AC-9F80-41F3-9B97-A10748FC4EA9}.Debug|x64.Build.0 = Debug|Any CPU
		{AFA3D5AC-9F80-41F3-9B97-A10748FC4EA9}.Debug|x86.ActiveCfg = Debug|Any CPU
		{AFA3D5AC-9F80-41F3-9B97-A10748FC4EA9}.Debug|x86.Build.0 = Debug|Any CPU
		{AFA3D5AC-9F80-41F3-9B97-A10748FC4EA9}.Release|Any CPU.ActiveCfg = Release|Any CPU
		{AFA3D5AC-9F80-41F3-9B97-A10748FC4EA9}.Release|Any CPU.Build.0 = Release|Any CPU
		{AFA3D5AC-9F80-41F3-9B97-A10748FC4EA9}.Release|Mixed Platforms.ActiveCfg = Release|Any CPU
		{AFA3D5AC-9F80-41F3-9B97-A10748FC4EA9}.Release|Mixed Platforms.Build.0 = Release|Any CPU
		{AFA3D5AC-9F80-41F3-9B97-A10748FC4EA9}.Release|x64.ActiveCfg = Release|Any CPU
		{AFA3D5AC-9F80-41F3-9B97-A10748FC4EA9}.Release|x64.Build.0 = Release|Any CPU
		{AFA3D5AC-9F80-41F3-9B97-A10748FC4EA9}.Release|x86.ActiveCfg = Release|Any CPU
		{AFA3D5AC-9F80-41F3-9B97-A10748FC4EA9}.Release|x86.Build.0 = Release|Any CPU
		{60902D17-9A6E-4BBC-A70B-3092CF21FF6F}.Debug|Any CPU.ActiveCfg = Debug|Any CPU
		{60902D17-9A6E-4BBC-A70B-3092CF21FF6F}.Debug|Any CPU.Build.0 = Debug|Any CPU
		{60902D17-9A6E-4BBC-A70B-3092CF21FF6F}.Debug|Mixed Platforms.ActiveCfg = Debug|Any CPU
		{60902D17-9A6E-4BBC-A70B-3092CF21FF6F}.Debug|Mixed Platforms.Build.0 = Debug|Any CPU
		{60902D17-9A6E-4BBC-A70B-3092CF21FF6F}.Debug|x64.ActiveCfg = Debug|Any CPU
		{60902D17-9A6E-4BBC-A70B-3092CF21FF6F}.Debug|x64.Build.0 = Debug|Any CPU
		{60902D17-9A6E-4BBC-A70B-3092CF21FF6F}.Debug|x86.ActiveCfg = Debug|Any CPU
		{60902D17-9A6E-4BBC-A70B-3092CF21FF6F}.Debug|x86.Build.0 = Debug|Any CPU
		{60902D17-9A6E-4BBC-A70B-3092CF21FF6F}.Release|Any CPU.ActiveCfg = Release|Any CPU
		{60902D17-9A6E-4BBC-A70B-3092CF21FF6F}.Release|Any CPU.Build.0 = Release|Any CPU
		{60902D17-9A6E-4BBC-A70B-3092CF21FF6F}.Release|Mixed Platforms.ActiveCfg = Release|Any CPU
		{60902D17-9A6E-4BBC-A70B-3092CF21FF6F}.Release|Mixed Platforms.Build.0 = Release|Any CPU
		{60902D17-9A6E-4BBC-A70B-3092CF21FF6F}.Release|x64.ActiveCfg = Release|Any CPU
		{60902D17-9A6E-4BBC-A70B-3092CF21FF6F}.Release|x64.Build.0 = Release|Any CPU
		{60902D17-9A6E-4BBC-A70B-3092CF21FF6F}.Release|x86.ActiveCfg = Release|Any CPU
		{60902D17-9A6E-4BBC-A70B-3092CF21FF6F}.Release|x86.Build.0 = Release|Any CPU
		{C2C74D3F-86FC-480B-B9E8-2DA3E5835C82}.Debug|Any CPU.ActiveCfg = Debug|Any CPU
		{C2C74D3F-86FC-480B-B9E8-2DA3E5835C82}.Debug|Any CPU.Build.0 = Debug|Any CPU
		{C2C74D3F-86FC-480B-B9E8-2DA3E5835C82}.Debug|Mixed Platforms.ActiveCfg = Debug|Any CPU
		{C2C74D3F-86FC-480B-B9E8-2DA3E5835C82}.Debug|Mixed Platforms.Build.0 = Debug|Any CPU
		{C2C74D3F-86FC-480B-B9E8-2DA3E5835C82}.Debug|x64.ActiveCfg = Debug|Any CPU
		{C2C74D3F-86FC-480B-B9E8-2DA3E5835C82}.Debug|x64.Build.0 = Debug|Any CPU
		{C2C74D3F-86FC-480B-B9E8-2DA3E5835C82}.Debug|x86.ActiveCfg = Debug|Any CPU
		{C2C74D3F-86FC-480B-B9E8-2DA3E5835C82}.Debug|x86.Build.0 = Debug|Any CPU
		{C2C74D3F-86FC-480B-B9E8-2DA3E5835C82}.Release|Any CPU.ActiveCfg = Release|Any CPU
		{C2C74D3F-86FC-480B-B9E8-2DA3E5835C82}.Release|Any CPU.Build.0 = Release|Any CPU
		{C2C74D3F-86FC-480B-B9E8-2DA3E5835C82}.Release|Mixed Platforms.ActiveCfg = Release|Any CPU
		{C2C74D3F-86FC-480B-B9E8-2DA3E5835C82}.Release|Mixed Platforms.Build.0 = Release|Any CPU
		{C2C74D3F-86FC-480B-B9E8-2DA3E5835C82}.Release|x64.ActiveCfg = Release|Any CPU
		{C2C74D3F-86FC-480B-B9E8-2DA3E5835C82}.Release|x64.Build.0 = Release|Any CPU
		{C2C74D3F-86FC-480B-B9E8-2DA3E5835C82}.Release|x86.ActiveCfg = Release|Any CPU
		{C2C74D3F-86FC-480B-B9E8-2DA3E5835C82}.Release|x86.Build.0 = Release|Any CPU
		{DFAF13E9-C75B-45D3-A20E-485FFD2615A6}.Debug|Any CPU.ActiveCfg = Debug|Any CPU
		{DFAF13E9-C75B-45D3-A20E-485FFD2615A6}.Debug|Any CPU.Build.0 = Debug|Any CPU
		{DFAF13E9-C75B-45D3-A20E-485FFD2615A6}.Debug|Mixed Platforms.ActiveCfg = Debug|Any CPU
		{DFAF13E9-C75B-45D3-A20E-485FFD2615A6}.Debug|Mixed Platforms.Build.0 = Debug|Any CPU
		{DFAF13E9-C75B-45D3-A20E-485FFD2615A6}.Debug|x64.ActiveCfg = Debug|Any CPU
		{DFAF13E9-C75B-45D3-A20E-485FFD2615A6}.Debug|x64.Build.0 = Debug|Any CPU
		{DFAF13E9-C75B-45D3-A20E-485FFD2615A6}.Debug|x86.ActiveCfg = Debug|Any CPU
		{DFAF13E9-C75B-45D3-A20E-485FFD2615A6}.Debug|x86.Build.0 = Debug|Any CPU
		{DFAF13E9-C75B-45D3-A20E-485FFD2615A6}.Release|Any CPU.ActiveCfg = Release|Any CPU
		{DFAF13E9-C75B-45D3-A20E-485FFD2615A6}.Release|Any CPU.Build.0 = Release|Any CPU
		{DFAF13E9-C75B-45D3-A20E-485FFD2615A6}.Release|Mixed Platforms.ActiveCfg = Release|Any CPU
		{DFAF13E9-C75B-45D3-A20E-485FFD2615A6}.Release|Mixed Platforms.Build.0 = Release|Any CPU
		{DFAF13E9-C75B-45D3-A20E-485FFD2615A6}.Release|x64.ActiveCfg = Release|Any CPU
		{DFAF13E9-C75B-45D3-A20E-485FFD2615A6}.Release|x64.Build.0 = Release|Any CPU
		{DFAF13E9-C75B-45D3-A20E-485FFD2615A6}.Release|x86.ActiveCfg = Release|Any CPU
		{DFAF13E9-C75B-45D3-A20E-485FFD2615A6}.Release|x86.Build.0 = Release|Any CPU
		{2446213E-AE3A-4E1B-A5FD-453A0219BF65}.Debug|Any CPU.ActiveCfg = Debug|Any CPU
		{2446213E-AE3A-4E1B-A5FD-453A0219BF65}.Debug|Any CPU.Build.0 = Debug|Any CPU
		{2446213E-AE3A-4E1B-A5FD-453A0219BF65}.Debug|Mixed Platforms.ActiveCfg = Debug|Any CPU
		{2446213E-AE3A-4E1B-A5FD-453A0219BF65}.Debug|Mixed Platforms.Build.0 = Debug|Any CPU
		{2446213E-AE3A-4E1B-A5FD-453A0219BF65}.Debug|x64.ActiveCfg = Debug|Any CPU
		{2446213E-AE3A-4E1B-A5FD-453A0219BF65}.Debug|x64.Build.0 = Debug|Any CPU
		{2446213E-AE3A-4E1B-A5FD-453A0219BF65}.Debug|x86.ActiveCfg = Debug|Any CPU
		{2446213E-AE3A-4E1B-A5FD-453A0219BF65}.Debug|x86.Build.0 = Debug|Any CPU
		{2446213E-AE3A-4E1B-A5FD-453A0219BF65}.Release|Any CPU.ActiveCfg = Release|Any CPU
		{2446213E-AE3A-4E1B-A5FD-453A0219BF65}.Release|Any CPU.Build.0 = Release|Any CPU
		{2446213E-AE3A-4E1B-A5FD-453A0219BF65}.Release|Mixed Platforms.ActiveCfg = Release|Any CPU
		{2446213E-AE3A-4E1B-A5FD-453A0219BF65}.Release|Mixed Platforms.Build.0 = Release|Any CPU
		{2446213E-AE3A-4E1B-A5FD-453A0219BF65}.Release|x64.ActiveCfg = Release|Any CPU
		{2446213E-AE3A-4E1B-A5FD-453A0219BF65}.Release|x64.Build.0 = Release|Any CPU
		{2446213E-AE3A-4E1B-A5FD-453A0219BF65}.Release|x86.ActiveCfg = Release|Any CPU
		{2446213E-AE3A-4E1B-A5FD-453A0219BF65}.Release|x86.Build.0 = Release|Any CPU
	EndGlobalSection
	GlobalSection(SolutionProperties) = preSolution
		HideSolutionNode = FALSE
	EndGlobalSection
	GlobalSection(ExtensibilityGlobals) = postSolution
		SolutionGuid = {84CA5FD5-F2FC-4F46-8EA4-E46B0E1F793F}
	EndGlobalSection
EndGlobal
